{
  "name": "deployer",
  "version": "1.0.0",
  "lockfileVersion": 3,
  "requires": true,
  "packages": {
    "": {
      "name": "deployer",
      "version": "1.0.0",
      "license": "MIT",
      "devDependencies": {
        "@slack/cli-hooks": "^0.0.7"
      }
    },
    "node_modules/@slack/cli-hooks": {
      "version": "0.0.7",
      "resolved": "https://registry.npmjs.org/@slack/cli-hooks/-/cli-hooks-0.0.7.tgz",
      "integrity": "sha512-tcDWICA6cZzLrppqLeryH00yP3i2+jHHJw8GmgQn+NkQ+l2HPKEFiWI5pUoOUDbaKm93F4mKfMWi7kRQ7UXNWg==",
      "dev": true,
      "bin": {
        "slack-cli-check-update": "src/check-update.js",
        "slack-cli-get-hooks": "src/get-hooks.js",
        "slack-cli-get-manifest": "src/get-manifest.js",
        "slack-cli-start": "src/start.js"
      },
      "engines": {
        "node": ">= 18",
        "npm": ">= 8.6.0"
      }
    }
  }
}
